github.com/Azure/go-ansiterm v0.0.0-20170929234023-d6e3b3328b78 h1:w+iIsaOQNcT7OZ575w+acHgRric5iCyQh+xv+KJ4HB8=
github.com/Azure/go-ansiterm v0.0.0-20170929234023-d6e3b3328b78/go.mod h1:LmzpDX56iTiv29bbRTIsUNlaFfuhWRQBWjQdVyAevI8=
github.com/BurntSushi/toml v0.3.1 h1:WXkYYl6Yr3qBf1K79EBnL4mak0OimBfB0XUf9Vl28OQ=
github.com/BurntSushi/toml v0.3.1/go.mod h1:xHWCNGjB5oqiDr8zfno3MHue2Ht5sIBksp03qcyfWMU=
github.com/DataDog/zstd v1.3.4 h1:LAGHkXuvC6yky+C2CUG2tD7w8QlrUwpue8XwIh0X4AY=
github.com/DataDog/zstd v1.3.4/go.mod h1:1jcaCB/ufaK+sKp1NBhlGmpz41jOoPQ35bpF36t7BBo=
github.com/Knetic/govaluate v3.0.0+incompatible h1:7o6+MAPhYTCF0+fdvoz1xDedhRb4f6s9Tn1Tt7/WTEg=
github.com/Knetic/govaluate v3.0.0+incompatible/go.mod h1:r7JcOSlj0wfOMncg0iLm8Leh48TZaKVeNIfJntJ2wa0=
github.com/Microsoft/go-winio v0.4.11 h1:zoIOcVf0xPN1tnMVbTtEdI+P8OofVk3NObnwOQ6nK2Q=
github.com/Microsoft/go-winio v0.4.11/go.mod h1:VhR8bwka0BXejwEJY73c50VrPtXAaKcyvVC4A4RozmA=
github.com/Nvveen/Gotty v0.0.0-20120604004816-cd527374f1e5 h1:TngWCqHvy9oXAN6lEVMRuU21PR1EtLVZJmdB18Gu3Rw=
github.com/Nvveen/Gotty v0.0.0-20120604004816-cd527374f1e5/go.mod h1:lmUJ/7eu/Q8D7ML55dXQrVaamCz2vxCfdQBasLZfHKk=
github.com/Shopify/sarama v1.20.0 h1:wAMHhl1lGRlobeoV/xOKpbqD2OQsOvY4A/vIOGroIe8=
github.com/Shopify/sarama v1.20.0/go.mod h1:FVkBWblsNy7DGZRfXLU0O9RCGt5g3g3yEuWXgklEdEo=
github.com/Shopify/toxiproxy v2.1.3+incompatible h1:awiJqUYH4q4OmoBiRccJykjd7B+w0loJi2keSna4X/M=
github.com/Shopify/toxiproxy v2.1.3+incompatible/go.mod h1:OXgGpZ6Cli1/URJOF1DMxUHB2q5Ap20/P/eIdh4G0pI=
github.com/armon/consul-api v0.0.0-20180202201655-eb2c6b5be1b6/go.mod h1:grANhF5doyWs3UAsr3K4I6qtAmlQcZDesFNEHPZAzj8=
github.com/astaxie/beego v1.11.1 h1:6DESefxW5oMcRLFRKi53/6exzup/IR6N4EzzS1n6CnQ=
github.com/astaxie/beego v1.11.1/go.mod h1:i69hVzgauOPSw5qeyF4GVZhn7Od0yG5bbCGzmhbWxgQ=
github.com/beego/goyaml2 v0.0.0-20130207012346-5545475820dd/go.mod h1:1b+Y/CofkYwXMUU0OhQqGvsY2Bvgr4j6jfT699wyZKQ=
github.com/beego/x2j v0.0.0-20131220205130-a0352aadc542/go.mod h1:kSeGC/p1AbBiEp5kat81+DSQrZenVBZXklMLaELspWU=
github.com/belogik/goes v0.0.0-20151229125003-e54d722c3aff/go.mod h1:PhH1ZhyCzHKt4uAasyx+ljRCgoezetRNf59CUtwUkqY=
github.com/bradfitz/gomemcache v0.0.0-20180710155616-bc664df96737/go.mod h1:PmM6Mmwb0LSuEubjR8N7PtNe1KxZLtOUHtbeikc5h60=
github.com/casbin/casbin v1.7.0/go.mod h1:c67qKN6Oum3UF5Q1+BByfFxkwKvhwW57ITjqwtzR1KE=
github.com/cloudflare/cfssl v0.0.0-20181102015659-ea4033a214e7 h1:ROpiky+uT1fstFCMZCka5Cr9GmtpTakLMmvwFsVOtJA=
github.com/cloudflare/cfssl v0.0.0-20181102015659-ea4033a214e7/go.mod h1:yMWuSON2oQp+43nFtAV/uvKQIFpSPerB57DCt9t8sSA=
github.com/cloudflare/golz4 v0.0.0-20150217214814-ef862a3cdc58/go.mod h1:EOBUe0h4xcZ5GoxqC5SDxFQ8gwyZPKQoEzownBlhI80=
github.com/containerd/continuity v0.0.0-20180814194400-c7c5070e6f6e h1:KEBqsIJcjops96ysfjRTg3x6STnVHBxe7CZLwwnlkWA=
github.com/containerd/continuity v0.0.0-20180814194400-c7c5070e6f6e/go.mod h1:GL3xCUCBDV3CZiTSEKksMWbLE66hEyuu9qyDOOqM47Y=
github.com/coreos/etcd v3.3.10+incompatible/go.mod h1:uF7uidLiAD3TWHmW31ZFd/JWoc32PjwdhPthX9715RE=
github.com/coreos/go-etcd v2.0.0+incompatible/go.mod h1:Jez6KQU2B/sWsbdaef3ED8NzMklzPG4d5KIOhIy30Tk=
github.com/coreos/go-semver v0.2.0/go.mod h1:nnelYz7RCh+5ahJtPPxZlU+153eP4D4r3EedlOD2RNk=
github.com/couchbase/go-couchbase v0.0.0-20181122212707-3e9b6e1258bb/go.mod h1:TWI8EKQMs5u5jLKW/tsb9VwauIrMIxQG1r5fMsswK5U=
github.com/couchbase/gomemcached v0.0.0-20181122193126-5125a94a666c/go.mod h1:srVSlQLB8iXBVXHgnqemxUXqN6FCvClgCMPCsjBDR7c=
github.com/couchbase/goutils v0.0.0-20180530154633-e865a1461c8a/go.mod h1:BQwMFlJzDjFDG3DJUdU0KORxn88UlsOULuxLExMh3Hs=
github.com/cupcake/rdb v0.0.0-20161107195141-43ba34106c76/go.mod h1:vYwsqCOLxGiisLwp9rITslkFNpZD5rz43tf41QFkTWY=
github.com/davecgh/go-spew v1.1.1 h1:vj9j/u1bqnvCEfJOwUhtlOARqs3+rkHYY13jYWTU97c=
github.com/davecgh/go-spew v1.1.1/go.mod h1:J7Y8YcW2NihsgmVo/mv3lAwl/skON4iLHjSsI+c5H38=
github.com/docker/docker v0.7.3-0.20180827131323-0c5f8d2b9b23 h1:Zl/9mUfPbYbnv895OXx9WfxPjwqSZHohuZzVcjJ5QPQ=
github.com/docker/docker v0.7.3-0.20180827131323-0c5f8d2b9b23/go.mod h1:eEKB0N0r5NX/I1kEveEz05bcu8tLC/8azJZsviup8Sk=
github.com/docker/go-connections v0.4.0 h1:El9xVISelRB7BuFusrZozjnkIM5YnzCViNKohAFqRJQ=
github.com/docker/go-connections v0.4.0/go.mod h1:Gbd7IOopHjR8Iph03tsViu4nIes5XhDvyHbTtUxmeec=
github.com/docker/go-units v0.3.3 h1:Xk8S3Xj5sLGlG5g67hJmYMmUgXv5N4PhkjJHHqrwnTk=
github.com/docker/go-units v0.3.3/go.mod h1:fgPhTUdO+D/Jk86RDLlptpiXQzgHJF7gydDDbaIK4Dk=
github.com/docker/libnetwork v0.8.0-dev.2.0.20180608203834-19279f049241 h1:+ebE/hCU02srkeIg8Vp/vlUp182JapYWtXzV+bCeR2I=
github.com/docker/libnetwork v0.8.0-dev.2.0.20180608203834-19279f049241/go.mod h1:93m0aTqz6z+g32wla4l4WxTrdtvBRmVzYRkYvasA5Z8=
github.com/eapache/go-resiliency v1.1.0 h1:1NtRmCAqadE2FN4ZcN6g90TP3uk8cg9rn9eNK2197aU=
github.com/eapache/go-resiliency v1.1.0/go.mod h1:kFI+JgMyC7bLPUVY133qvEBtVayf5mFgVsvEsIPBvNs=
github.com/eapache/go-xerial-snappy v0.0.0-20180814174437-776d5712da21 h1:YEetp8/yCZMuEPMUDHG0CW/brkkEp8mzqk2+ODEitlw=
github.com/eapache/go-xerial-snappy v0.0.0-20180814174437-776d5712da21/go.mod h1:+020luEh2TKB4/GOp8oxxtq0Daoen/Cii55CzbTV6DU=
github.com/eapache/queue v1.1.0 h1:YOEu7KNc61ntiQlcEeUIoDTJ2o8mQznoNvUhiigpIqc=
github.com/eapache/queue v1.1.0/go.mod h1:6eCeP0CKFpHLu8blIFXhExK/dRa7WDZfr6jVFPTqq+I=
github.com/edsrzf/mmap-go v0.0.0-20170320065105-0bce6a688712/go.mod h1:YO35OhQPt3KJa3ryjFM5Bs14WD66h8eGKpfaBNrHW5M=
github.com/elazarl/go-bindata-assetfs v1.0.0 h1:G/bYguwHIzWq9ZoyUQqrjTmJbbYn3j3CKKpKinvZLFk=
github.com/elazarl/go-bindata-assetfs v1.0.0/go.mod h1:v+YaWX3bdea5J/mo8dSETolEo7R71Vk1u8bnjau5yw4=
github.com/fsnotify/fsnotify v1.4.7 h1:IXs+QLmnXW2CcXuY+8Mzv/fWEsPGWxqefPtCP5CnV9I=
github.com/fsnotify/fsnotify v1.4.7/go.mod h1:jwhsz4b93w/PPRr/qN1Yymfu8t87LnFCMoQvtojpjFo=
github.com/fsouza/go-dockerclient v1.3.1 h1:h0SaeiAGihssk+aZeKohbubHYKroCBlC7uuUyNhORI4=
github.com/fsouza/go-dockerclient v1.3.1/go.mod h1:IN9UPc4/w7cXiARH2Yg99XxUHbAM+6rAi9hzBVbkWRU=
github.com/go-redis/redis v6.14.2+incompatible/go.mod h1:NAIEuMOZ/fxfXJIrKDQDz8wamY7mA7PouImQ2Jvg6kA=
github.com/go-sql-driver/mysql v1.4.1/go.mod h1:zAC/RDZ24gD3HViQzih4MyKcchzm+sOG5ZlKdlhCg5w=
github.com/gogo/protobuf v1.1.1 h1:72R+M5VuhED/KujmZVcIquuo8mBgX4oVda//DQb3PXo=
github.com/gogo/protobuf v1.1.1/go.mod h1:r8qH/GZQm5c6nD/R0oafs1akxWv10x8SbQlK7atdtwQ=
github.com/golang/crypto v0.0.0-20181203042331-505ab145d0a9 h1:2VPKynXZCEf8bI6hOvmbwFg1m0b7ah3m/Yg4JzBsIRQ=
github.com/golang/crypto v0.0.0-20181203042331-505ab145d0a9/go.mod h1:uZvAcrsnNaCxlh1HorK5dUQHGmEKPh2H/Rl1kehswPo=
github.com/golang/mock v1.2.0 h1:28o5sBqPkBsMGnC6b4MvE2TzSr5/AT4c/1fLqVGIwlk=
github.com/golang/mock v1.2.0/go.mod h1:oTYuIxOrZwtPieC+H1uAHpcLFnEyAGVDL/k47Jfbm0A=
github.com/golang/net v0.0.0-20181207154023-610586996380/go.mod h1:98y8FxUyMjTdJ5eOj/8vzuiVO14/dkJ98NYhEPG8QGY=
github.com/golang/protobuf v1.2.0 h1:P3YflyNX/ehuJFLhxviNdFxQPkGK5cDcApsge1SqnvM=
github.com/golang/protobuf v1.2.0/go.mod h1:6lQm79b+lXiMfvg/cZm0SGofjICqVBUtrP5yJMmIC1U=
github.com/golang/snappy v0.0.0-20180518054509-2e65f85255db h1:woRePGFeVFfLKN/pOkfl+p/TAqKOfFu+7KPlMVpok/w=
github.com/golang/snappy v0.0.0-20180518054509-2e65f85255db/go.mod h1:/XxbfmMg8lxefKM7IXC3fBNl/7bRcc72aCRzEWrmP2Q=
github.com/golang/sync v0.0.0-20181108010431-42b317875d0f/go.mod h1:YCHYtYb9c8Q7XgYVYjmJBPtFPKx5QvOcPxHZWjldabE=
github.com/golang/sys v0.0.0-20181212120007-b05ddf57801d/go.mod h1:5JyrLPvD/ZdaYkT7IqKhsP5xt7aLjA99KXRtk4EIYDk=
github.com/golang/text v0.3.0/go.mod h1:GUiq9pdJKRKKAZXiVgWFEvocYuREvC14NhI4OPgEjeE=
github.com/gomodule/redigo v2.0.0+incompatible/go.mod h1:B4C85qUVwatsJoIUNIfCRsp7qO0iAmpGFZ4EELWSbC4=
github.com/google/certificate-transparency-go v1.0.21 h1:Yf1aXowfZ2nuboBsg7iYGLmwsOARdV86pfH3g95wXmE=
github.com/google/certificate-transparency-go v1.0.21/go.mod h1:QeJfpSbVSfYc7RgB3gJFj9cbuQMMchQxrWXz8Ruopmg=
github.com/google/go-cmp v0.2.0 h1:+dTQ8DZQJz0Mb/HjFlkptS1FeQ4cWSnN941F8aEG4SQ=
github.com/google/go-cmp v0.2.0/go.mod h1:oXzfMopK8JAjlY9xF4vHSVASa0yLyX7SntLO5aqRK0M=
github.com/gorilla/context v1.1.1/go.mod h1:kBGZzfjB9CEq2AlWe17Uuf7NDRt0dE0s8S51q0aT7Yg=
github.com/gorilla/mux v1.6.2/go.mod h1:1lud6UwP+6orDFRuTfBEV8e9/aOM/c4fVVCaMa2zaAs=
github.com/hashicorp/go-version v1.0.0 h1:21MVWPKDphxa7ineQQTrCU5brh7OuVVAzGOCnnCPtE8=
github.com/hashicorp/go-version v1.0.0/go.mod h1:fltr4n8CU8Ke44wwGCBoEymUuxUHl09ZGVZPK5anwXA=
github.com/hashicorp/hcl v1.0.0 h1:0Anlzjpi4vEasTeNFn2mLJgTSwt0+6sfsiTG8qcWGx4=
github.com/hashicorp/hcl v1.0.0/go.mod h1:E5yfLk+7swimpb2L/Alb/PJmXilQ/rhwaUYs4T20WEQ=
github.com/hpcloud/tail v1.0.0 h1:nfCOvKYfkgYP8hkirhJocXT2+zOD8yUNjXaWfTlyFKI=
github.com/hpcloud/tail v1.0.0/go.mod h1:ab1qPbhIpdTxEkNHXyeSf5vhxWSCs/tWer42PpOxQnU=
github.com/hyperledger/fabric v1.3.0 h1:ijLQL3y0NZcVxfAlMUbeMUpR2Ci+ldiRHim02ohYUwI=
github.com/hyperledger/fabric v1.3.0/go.mod h1:tGFAOCT696D3rG0Vofd2dyWYLySHlh0aQjf7Q1HAju0=
github.com/hyperledger/fabric-amcl v0.0.0-20180903120555-6b78f7a22d95 h1:owonHPXrnEIdS/G3kZa0Ipc59pY4MjxtHlMleFdRLcw=
github.com/hyperledger/fabric-amcl v0.0.0-20180903120555-6b78f7a22d95/go.mod h1:X+DIyUsaTmalOpmpQfIvFZjKHQedrURQ5t4YqquX7lE=
github.com/hyperledger/fabric-sdk-go v1.0.0-alpha4 h1:oUq7yDybXJjPORq7eheIBoF8tLOJgS9xkzEKIf3RB+4=
github.com/hyperledger/fabric-sdk-go v1.0.0-alpha4/go.mod h1:kqYuM7jCDf1BbXWgbWaevpnlhDii5i4TkGXhfib2epU=
github.com/kr/pretty v0.1.0 h1:L/CwN0zerZDmRFUapSPitk6f+Q3+0za1rQkzVuMiMFI=
github.com/kr/pretty v0.1.0/go.mod h1:dAy3ld7l9f0ibDNOQOHHMYYIIbhfbHSm3C4ZsoJORNo=
github.com/kr/pty v1.1.1/go.mod h1:pFQYn66WHrOpPYNljwOMqo10TkYh1fy3cYio2l3bCsQ=
github.com/kr/text v0.1.0 h1:45sCR5RtlFHMR4UwH9sdQ5TC8v0qDQCHnXt+kaKSTVE=
github.com/kr/text v0.1.0/go.mod h1:4Jbv+DJW3UT/LiOwJeYQe1efqtUx/iVham/4vfdArNI=
github.com/lib/pq v1.0.0/go.mod h1:5WUZQaWbwv1U+lTReE5YruASi9Al49XbQIvNi/34Woo=
github.com/magiconair/properties v1.8.0 h1:LLgXmsheXeRoUOBOjtwPQCWIYqM/LU1ayDtDePerRcY=
github.com/magiconair/properties v1.8.0/go.mod h1:PppfXfuXeibc/6YijjN8zIbojt8czPbwD3XqdrwzmxQ=
github.com/mattn/go-sqlite3 v1.10.0/go.mod h1:FPy6KqzDD04eiIsT53CuJW3U88zkxoIYsOqkbpncsNc=
github.com/miekg/pkcs11 v0.0.0-20181204074848-79c216b7cb4d h1:VT1D8wjIhSIm3ueg21QNwxz3xUQPN9+7O7B1leXDlAo=
github.com/miekg/pkcs11 v0.0.0-20181204074848-79c216b7cb4d/go.mod h1:WCBAbTOdfhHhz7YXujeZMF7owC4tPb1naKFsgfUISjo=
github.com/mitchellh/mapstructure v1.1.2 h1:fmNYVwqnSfB9mZU6OS2O6GsXM+wcskZDuKQzvN1EDeE=
github.com/mitchellh/mapstructure v1.1.2/go.mod h1:FVVH3fgwuzCH5S8UJGiWEs2h04kUh9fWfEaFds41c1Y=
github.com/onsi/ginkgo v1.6.0/go.mod h1:lLunBs/Ym6LB5Z9jYTR76FiuTmxDTDusOGeTQH+WWjE=
github.com/onsi/ginkgo v1.7.0 h1:WSHQ+IS43OoUrWtD1/bbclrwK8TTH5hzp+umCiuxHgs=
github.com/onsi/ginkgo v1.7.0/go.mod h1:lLunBs/Ym6LB5Z9jYTR76FiuTmxDTDusOGeTQH+WWjE=
github.com/onsi/gomega v1.4.1/go.mod h1:C1qb7wdrVGGVU+Z6iS04AVkA3Q65CEZX59MT0QO5uiA=
github.com/onsi/gomega v1.4.3 h1:RE1xgDvH7imwFD45h+u2SgIfERHlS2yNG4DObb5BSKU=
github.com/onsi/gomega v1.4.3/go.mod h1:ex+gbHU/CVuBBDIJjb2X0qEXbFg53c61hWP/1CpauHY=
github.com/op/go-logging v0.0.0-20160315200505-970db520ece7 h1:lDH9UUVJtmYCjyT0CI4q8xvlXPxeZ0gYCVvWbmPlp88=
github.com/op/go-logging v0.0.0-20160315200505-970db520ece7/go.mod h1:HzydrMdWErDVzsI23lYNej1Htcns9BCg93Dk0bBINWk=
github.com/opencontainers/go-digest v1.0.0-rc1 h1:WzifXhOVOEOuFYOJAW6aQqW0TooG2iki3E3Ii+WN7gQ=
github.com/opencontainers/go-digest v1.0.0-rc1/go.mod h1:cMLVZDEM3+U2I4VmLI6N8jQYUd2OVphdqWwCJHrFt2s=
github.com/opencontainers/image-spec v1.0.1 h1:JMemWkRwHx4Zj+fVxWoMCFm/8sYGGrUVojFA6h/TRcI=
github.com/opencontainers/image-spec v1.0.1/go.mod h1:BtxoFyWECRxE4U/7sNtV5W15zMzWCbyJoFRP3s7yZA0=
github.com/opencontainers/runc v0.1.1 h1:GlxAyO6x8rfZYN9Tt0Kti5a/cP41iuiO2yYT0IJGY8Y=
github.com/opencontainers/runc v0.1.1/go.mod h1:qT5XzbpPznkRYVz/mWwUaVBUv2rmF59PVA73FjuZG0U=
github.com/pelletier/go-toml v1.2.0 h1:T5zMGML61Wp+FlcbWjRDT7yAxhJNAiPPLOFECq181zc=
github.com/pelletier/go-toml v1.2.0/go.mod h1:5z9KED0ma1S8pY6P1sdut58dfprrGBbd/94hg7ilaic=
github.com/pierrec/lz4 v2.0.5+incompatible h1:2xWsjqPFWcplujydGg4WmhC/6fZqK42wMM8aXeqhl0I=
github.com/pierrec/lz4 v2.0.5+incompatible/go.mod h1:pdkljMzZIN41W+lC3N2tnIh5sFi+IEE17M5jbnwPHcY=
github.com/pkg/errors v0.8.0 h1:WdK/asTD0HN+q6hsWO3/vpuAkAr+tw6aNJNDFFf0+qw=
github.com/pkg/errors v0.8.0/go.mod h1:bwawxfHBFNV+L2hUp1rHADufV3IMtnDRdf1r5NINEl0=
github.com/pmezard/go-difflib v1.0.0 h1:4DBwDE0NGyQoBHbLQYPwSUPoCMWR5BEzIk/f1lZbAQM=
github.com/pmezard/go-difflib v1.0.0/go.mod h1:iKH77koFhYxTK1pcRnkKkqfTogsbg7gZNVY4sRDYZ/4=
github.com/rcrowley/go-metrics v0.0.0-20181016184325-3113b8401b8a h1:9ZKAASQSHhDYGoxY8uLVpewe1GDZ2vu2Tr/vTdVAkFQ=
github.com/rcrowley/go-metrics v0.0.0-20181016184325-3113b8401b8a/go.mod h1:bCqnVzQkZxMG4s8nGwiZ5l3QUCyqpo9Y+/ZMZ9VjZe4=
github.com/siddontang/go v0.0.0-20180604090527-bdc77568d726/go.mod h1:3yhqj7WBBfRhbBlzyOC3gUxftwsU0u8gqevxwIHQpMw=
github.com/siddontang/ledisdb v0.0.0-20181029004158-becf5f38d373/go.mod h1:mF1DpOSOUiJRMR+FDqaqu3EBqrybQtrDDszLUZ6oxPg=
github.com/siddontang/rdb v0.0.0-20150307021120-fc89ed2e418d/go.mod h1:AMEsy7v5z92TR1JKMkLLoaOQk++LVnOKL3ScbJ8GNGA=
github.com/sirupsen/logrus v1.0.6 h1:hcP1GmhGigz/O7h1WVUM5KklBp1JoNS9FggWKdj/j3s=
github.com/sirupsen/logrus v1.0.6/go.mod h1:pMByvHTf9Beacp5x1UXfOR9xyW/9antXMhjMPG0dEzc=
github.com/spf13/afero v1.1.2 h1:m8/z1t7/fwjysjQRYbP0RD+bUIF/8tJwPdEZsI83ACI=
github.com/spf13/afero v1.1.2/go.mod h1:j4pytiNVoe2o6bmDsKpLACNPDBIoEAkihy7loJ1B0CQ=
github.com/spf13/cast v1.3.0 h1:oget//CVOEoFewqQxwr0Ej5yjygnqGkvggSE/gB35Q8=
github.com/spf13/cast v1.3.0/go.mod h1:Qx5cxh0v+4UWYiBimWS+eyWzqEqokIECu5etghLkUJE=
github.com/spf13/jwalterweatherman v1.0.0 h1:XHEdyB+EcvlqZamSM4ZOMGlc93t6AcsBEu9Gc1vn7yk=
github.com/spf13/jwalterweatherman v1.0.0/go.mod h1:cQK4TGJAtQXfYWX+Ddv3mKDzgVb68N+wFjFa4jdeBTo=
github.com/spf13/pflag v1.0.3 h1:zPAT6CGy6wXeQ7NtTnaTerfKOsV6V6F8agHXFiazDkg=
github.com/spf13/pflag v1.0.3/go.mod h1:DYY7MBk1bdzusC3SYhjObp+wFpr4gzcvqqNjLnInEg4=
github.com/spf13/viper v1.3.1 h1:5+8j8FTpnFV4nEImW/ofkzEt8VoOiLXxdYIDsB73T38=
github.com/spf13/viper v1.3.1/go.mod h1:ZiWeW+zYFKm7srdB9IoDzzZXaJaI5eL9QjNiN/DMA2s=
github.com/ssdb/gossdb v0.0.0-20180723034631-88f6b59b84ec/go.mod h1:QBvMkMya+gXctz3kmljlUCu/yB3GZ6oee+dUozsezQE=
github.com/stretchr/objx v0.1.1 h1:2vfRuCMp5sSVIDSqO8oNnWJq7mPa6KVP3iPIwFBuy8A=
github.com/stretchr/objx v0.1.1/go.mod h1:HFkY916IF+rwdDfMAkV7OtwuqBVzrE8GR6GFx+wExME=
github.com/stretchr/testify v1.2.2 h1:bSDNvY7ZPG5RlJ8otE/7V6gMiyenm9RtJ7IUVIAoJ1w=
github.com/stretchr/testify v1.2.2/go.mod h1:a8OnRcib4nhh0OaRAV+Yts87kKdq0PP7pXfy6kDkUVs=
github.com/syndtr/goleveldb v0.0.0-20181127023241-353a9fca669c/go.mod h1:Z4AUp2Km+PwemOoO/VB5AOx9XSsIItzFjoJlOSiYmn0=
github.com/ugorji/go/codec v0.0.0-20181204163529-d75b2dcb6bc8/go.mod h1:VFNgLljTbGfSG7qAOspJ7OScBnGdDN/yBr0sguwnwf0=
github.com/vishvananda/netlink v1.0.0 h1:bqNY2lgheFIu1meHUFSH3d7vG93AFyqg3oGbJCOJgSM=
github.com/vishvananda/netlink v1.0.0/go.mod h1:+SR5DhBJrl6ZM7CoCKvpw5BKroDKQ+PJqOg65H/2ktk=
github.com/vishvananda/netns v0.0.0-20180720170159-13995c7128cc h1:R83G5ikgLMxrBvLh22JhdfI8K6YXEPHx5P03Uu3DRs4=
github.com/vishvananda/netns v0.0.0-20180720170159-13995c7128cc/go.mod h1:ZjcWmFBXmLKZu9Nxj3WKYEafiSqer2rnvPr0en9UNpI=
github.com/wendal/errors v0.0.0-20130201093226-f66c77a7882b/go.mod h1:Q12BUT7DqIlHRmgv3RskH+UCM/4eqVMgI0EMmlSpAXc=
github.com/xordataexchange/crypt v0.0.3-0.20170626215501-b2862e3d0a77/go.mod h1:aYKd//L2LvnjZzWKhF00oedf4jCCReLcmhLdhm1A27Q=
go.uber.org/zap v1.9.1 h1:XCJQEf3W6eZaVwhRBof6ImoYGJSITeKWsyeh3HFu/5o=
go.uber.org/zap v1.9.1/go.mod h1:vwi/ZaCAaUcBkycHslxD9B2zi4UTXhF60s6SWpuDF0Q=
gopkg.in/airbrake/gobrake.v2 v2.0.9 h1:7z2uVWwn7oVeeugY1DtlPAy5H+KYgB1KeKTnqjNatLo=
gopkg.in/airbrake/gobrake.v2 v2.0.9/go.mod h1:/h5ZAUhDkGaJfjzjKLSjv6zCL6O0LLBxU4K+aSYdM/U=
gopkg.in/check.v1 v0.0.0-20161208181325-20d25e280405 h1:yhCVgyC4o1eVCa2tZl7eS0r+SDo693bJlVdllGtEeKM=
gopkg.in/check.v1 v0.0.0-20161208181325-20d25e280405/go.mod h1:Co6ibVJAznAaIkqp8huTwlJQCZ016jof/cbN4VW5Yz0=
gopkg.in/fsnotify.v1 v1.4.7 h1:xOHLXZwVvI9hhs+cLKq5+I5onOuwQLhQwiu63xxlHs4=
gopkg.in/fsnotify.v1 v1.4.7/go.mod h1:Tz8NjZHkW78fSQdbUxIjBTcgA1z1m8ZHf0WmKUhAMys=
gopkg.in/gemnasium/logrus-airbrake-hook.v2 v2.1.2 h1:OAj3g0cR6Dx/R07QgQe8wkA9RNjB2u4i700xBkIT4e0=
gopkg.in/gemnasium/logrus-airbrake-hook.v2 v2.1.2/go.mod h1:Xk6kEKp8OKb+X14hQBKWaSkCsqBpgog8nAV2xsGOxlo=
gopkg.in/tomb.v1 v1.0.0-20141024135613-dd632973f1e7 h1:uRGJdciOHaEIrze2W8Q3AKkepLTh2hOroT7a+7czfdQ=
gopkg.in/tomb.v1 v1.0.0-20141024135613-dd632973f1e7/go.mod h1:dt/ZhP58zS4L8KSrWDmTeBkI65Dw0HsyUHuEVlX15mw=
gopkg.in/yaml.v2 v2.2.1 h1:mUhvW9EsL+naU5Q3cakzfE91YhliOondGd6ZrsDBHQE=
gopkg.in/yaml.v2 v2.2.1/go.mod h1:hI93XBmqTisBFMUTm0b8Fm+jr3Dg1NNxqwp+5A1VGuI=
gopkg.in/yaml.v2 v2.2.2 h1:ZCJp+EgiOT7lHqUV2J862kp8Qj64Jo6az82+3Td9dZw=
gopkg.in/yaml.v2 v2.2.2/go.mod h1:hI93XBmqTisBFMUTm0b8Fm+jr3Dg1NNxqwp+5A1VGuI=
gotest.tools v2.1.0+incompatible h1:5USw7CrJBYKqjg9R7QlA6jzqZKEAtvW82aNmsxxGPxw=
gotest.tools v2.1.0+incompatible/go.mod h1:DsYFclhRJ6vuDpmuTbkuFWG+y2sxOXAzmJt81HFBacw=
